
Microsoft Visual Studio Solution File, Format Version 12.00
# Visual Studio Version 17
VisualStudioVersion = 17.14.36705.20 d17.14
MinimumVisualStudioVersion = 10.0.40219.1
Project("{FAE04EC0-301F-11D3-BF4B-00C04F79EFBC}") = "new try world", "new try world.csproj", "{683BECCD-FCBA-4F31-A862-308FA1848110}"
EndProject
Global
	GlobalSection(SolutionConfigurationPlatforms) = preSolution
		Debug|Any CPU = Debug|Any CPU
		Release|Any CPU = Release|Any CPU
	EndGlobalSection
	GlobalSection(ProjectConfigurationPlatforms) = postSolution
		{683BECCD-FCBA-4F31-A862-308FA1848110}.Debug|Any CPU.ActiveCfg = Debug|Any CPU
		{683BECCD-FCBA-4F31-A862-308FA1848110}.Debug|Any CPU.Build.0 = Debug|Any CPU
		{683BECCD-FCBA-4F31-A862-308FA1848110}.Release|Any CPU.ActiveCfg = Release|Any CPU
		{683BECCD-FCBA-4F31-A862-308FA1848110}.Release|Any CPU.Build.0 = Release|Any CPU
	EndGlobalSection
	GlobalSection(SolutionProperties) = preSolution
		HideSolutionNode = FALSE
	EndGlobalSection
	GlobalSection(ExtensibilityGlobals) = postSolution
		SolutionGuid = {ED577FEF-88DF-4C50-AC3E-10EC9F08A740}
	EndGlobalSection
EndGlobal
